
Microsoft Visual Studio Solution File, Format Version 12.00
# Visual Studio Version 16
VisualStudioVersion = 16.0.31129.286
MinimumVisualStudioVersion = 10.0.40219.1
Project("{FAE04EC0-301F-11D3-BF4B-00C04F79EFBC}") = "DisposalOfService", "DisposalOfService\DisposalOfService.csproj", "{5CB2BA73-9342-48F9-B901-694283FA4B06}"
EndProject
Global
	GlobalSection(SolutionConfigurationPlatforms) = preSolution
		Debug|Any CPU = Debug|Any CPU
		Release|Any CPU = Release|Any CPU
	EndGlobalSection
	GlobalSection(ProjectConfigurationPlatforms) = postSolution
		{5CB2BA73-9342-48F9-B901-694283FA4B06}.Debug|Any CPU.ActiveCfg = Debug|Any CPU
		{5CB2BA73-9342-48F9-B901-694283FA4B06}.Debug|Any CPU.Build.0 = Debug|Any CPU
		{5CB2BA73-9342-48F9-B901-694283FA4B06}.Release|Any CPU.ActiveCfg = Release|Any CPU
		{5CB2BA73-9342-48F9-B901-694283FA4B06}.Release|Any CPU.Build.0 = Release|Any CPU
	EndGlobalSection
	GlobalSection(SolutionProperties) = preSolution
		HideSolutionNode = FALSE
	EndGlobalSection
	GlobalSection(ExtensibilityGlobals) = postSolution
		SolutionGuid = {0C3A8EFE-1EFB-4A8E-A593-D3B7404A7C67}
	EndGlobalSection
EndGlobal
